
Microsoft Visual Studio Solution File, Format Version 12.00
# Visual Studio Version 16
VisualStudioVersion = 16.0.29215.179
MinimumVisualStudioVersion = 10.0.40219.1
Project("{FAE04EC0-301F-11D3-BF4B-00C04F79EFBC}") = "MotorSelector", "MotorSelector\MotorSelector.csproj", "{E1999C0A-4FC5-4C6C-88FF-0B650CC1CC55}"
EndProject
Global
	GlobalSection(SolutionConfigurationPlatforms) = preSolution
		Debug|Any CPU = Debug|Any CPU
		Release|Any CPU = Release|Any CPU
	EndGlobalSection
	GlobalSection(ProjectConfigurationPlatforms) = postSolution
		{E1999C0A-4FC5-4C6C-88FF-0B650CC1CC55}.Debug|Any CPU.ActiveCfg = Debug|Any CPU
		{E1999C0A-4FC5-4C6C-88FF-0B650CC1CC55}.Debug|Any CPU.Build.0 = Debug|Any CPU
		{E1999C0A-4FC5-4C6C-88FF-0B650CC1CC55}.Release|Any CPU.ActiveCfg = Release|Any CPU
		{E1999C0A-4FC5-4C6C-88FF-0B650CC1CC55}.Release|Any CPU.Build.0 = Release|Any CPU
	EndGlobalSection
	GlobalSection(SolutionProperties) = preSolution
		HideSolutionNode = FALSE
	EndGlobalSection
	GlobalSection(ExtensibilityGlobals) = postSolution
		SolutionGuid = {43947BB1-440F-49D2-84F2-7B97548F89AF}
	EndGlobalSection
EndGlobal
